
Microsoft Visual Studio Solution File, Format Version 12.00
# Visual Studio Version 17
VisualStudioVersion = 17.12.35527.113
MinimumVisualStudioVersion = 10.0.40219.1
Project("{FAE04EC0-301F-11D3-BF4B-00C04F79EFBC}") = "AlDentev2", "AlDentev2.csproj", "{1A7C7540-58D9-4D8B-A7C2-7AD15DB4E171}"
EndProject
Global
	GlobalSection(SolutionConfigurationPlatforms) = preSolution
		Debug|Any CPU = Debug|Any CPU
		Release|Any CPU = Release|Any CPU
	EndGlobalSection
	GlobalSection(ProjectConfigurationPlatforms) = postSolution
		{1A7C7540-58D9-4D8B-A7C2-7AD15DB4E171}.Debug|Any CPU.ActiveCfg = Debug|Any CPU
		{1A7C7540-58D9-4D8B-A7C2-7AD15DB4E171}.Debug|Any CPU.Build.0 = Debug|Any CPU
		{1A7C7540-58D9-4D8B-A7C2-7AD15DB4E171}.Release|Any CPU.ActiveCfg = Release|Any CPU
		{1A7C7540-58D9-4D8B-A7C2-7AD15DB4E171}.Release|Any CPU.Build.0 = Release|Any CPU
	EndGlobalSection
	GlobalSection(SolutionProperties) = preSolution
		HideSolutionNode = FALSE
	EndGlobalSection
EndGlobal
